
Microsoft Visual Studio Solution File, Format Version 12.00
# Visual Studio Version 16
VisualStudioVersion = 16.0.30002.166
MinimumVisualStudioVersion = 10.0.40219.1
Project("{8BC9CEB8-8B4A-11D0-8D11-00A0C91BC942}") = "Common", "Common\Common.vcxproj", "{AF7045DC-B376-4CF0-955B-E52FCF1C1385}"
EndProject
Project("{8BC9CEB8-8B4A-11D0-8D11-00A0C91BC942}") = "SimpleRender", "SimpleRender\SimpleRender.vcxproj", "{55637AE4-C698-4EAB-A37C-D5A4FB031F0E}"
EndProject
Project("{2150E333-8FDC-42A3-9474-1A3956D46DE8}") = "Core", "Core", "{07D05C77-8E9C-48CA-883D-1E599B87E1F0}"
EndProject
Project("{8BC9CEB8-8B4A-11D0-8D11-00A0C91BC942}") = "Allocator", "Core\Allocator\Allocator.vcxproj", "{ECB7FFAE-36AE-4FCA-80A7-9D95CDF1FB43}"
EndProject
Project("{8BC9CEB8-8B4A-11D0-8D11-00A0C91BC942}") = "Graphics", "Core\Graphics\Graphics.vcxproj", "{B68F46C2-46C5-4BA6-8BCF-B908B34D653D}"
EndProject
Project("{8BC9CEB8-8B4A-11D0-8D11-00A0C91BC942}") = "Utils", "Core\Utils\Utils.vcxproj", "{5540756E-9246-4B5B-8B62-0CEF11BD2BA6}"
EndProject
Project("{8BC9CEB8-8B4A-11D0-8D11-00A0C91BC942}") = "JobSystem", "Core\JobSystem\JobSystem.vcxproj", "{77531926-BF7E-4B3B-B248-5299514C77BB}"
EndProject
Project("{2150E333-8FDC-42A3-9474-1A3956D46DE8}") = "Sample", "Sample", "{C58B0F58-3947-4A68-9CA4-7CD2317B08EC}"
EndProject
Global
	GlobalSection(SolutionConfigurationPlatforms) = preSolution
		Debug|x64 = Debug|x64
		Debug|x86 = Debug|x86
		Release|x64 = Release|x64
		Release|x86 = Release|x86
	EndGlobalSection
	GlobalSection(ProjectConfigurationPlatforms) = postSolution
		{AF7045DC-B376-4CF0-955B-E52FCF1C1385}.Debug|x64.ActiveCfg = Debug|x64
		{AF7045DC-B376-4CF0-955B-E52FCF1C1385}.Debug|x64.Build.0 = Debug|x64
		{AF7045DC-B376-4CF0-955B-E52FCF1C1385}.Debug|x86.ActiveCfg = Debug|Win32
		{AF7045DC-B376-4CF0-955B-E52FCF1C1385}.Debug|x86.Build.0 = Debug|Win32
		{AF7045DC-B376-4CF0-955B-E52FCF1C1385}.Release|x64.ActiveCfg = Release|x64
		{AF7045DC-B376-4CF0-955B-E52FCF1C1385}.Release|x64.Build.0 = Release|x64
		{AF7045DC-B376-4CF0-955B-E52FCF1C1385}.Release|x86.ActiveCfg = Release|Win32
		{AF7045DC-B376-4CF0-955B-E52FCF1C1385}.Release|x86.Build.0 = Release|Win32
		{55637AE4-C698-4EAB-A37C-D5A4FB031F0E}.Debug|x64.ActiveCfg = Debug|x64
		{55637AE4-C698-4EAB-A37C-D5A4FB031F0E}.Debug|x64.Build.0 = Debug|x64
		{55637AE4-C698-4EAB-A37C-D5A4FB031F0E}.Debug|x86.ActiveCfg = Debug|Win32
		{55637AE4-C698-4EAB-A37C-D5A4FB031F0E}.Debug|x86.Build.0 = Debug|Win32
		{55637AE4-C698-4EAB-A37C-D5A4FB031F0E}.Release|x64.ActiveCfg = Release|x64
		{55637AE4-C698-4EAB-A37C-D5A4FB031F0E}.Release|x64.Build.0 = Release|x64
		{55637AE4-C698-4EAB-A37C-D5A4FB031F0E}.Release|x86.ActiveCfg = Release|Win32
		{55637AE4-C698-4EAB-A37C-D5A4FB031F0E}.Release|x86.Build.0 = Release|Win32
		{ECB7FFAE-36AE-4FCA-80A7-9D95CDF1FB43}.Debug|x64.ActiveCfg = Debug|x64
		{ECB7FFAE-36AE-4FCA-80A7-9D95CDF1FB43}.Debug|x64.Build.0 = Debug|x64
		{ECB7FFAE-36AE-4FCA-80A7-9D95CDF1FB43}.Debug|x86.ActiveCfg = Debug|Win32
		{ECB7FFAE-36AE-4FCA-80A7-9D95CDF1FB43}.Debug|x86.Build.0 = Debug|Win32
		{ECB7FFAE-36AE-4FCA-80A7-9D95CDF1FB43}.Release|x64.ActiveCfg = Release|x64
		{ECB7FFAE-36AE-4FCA-80A7-9D95CDF1FB43}.Release|x64.Build.0 = Release|x64
		{ECB7FFAE-36AE-4FCA-80A7-9D95CDF1FB43}.Release|x86.ActiveCfg = Release|Win32
		{ECB7FFAE-36AE-4FCA-80A7-9D95CDF1FB43}.Release|x86.Build.0 = Release|Win32
		{B68F46C2-46C5-4BA6-8BCF-B908B34D653D}.Debug|x64.ActiveCfg = Debug|x64
		{B68F46C2-46C5-4BA6-8BCF-B908B34D653D}.Debug|x64.Build.0 = Debug|x64
		{B68F46C2-46C5-4BA6-8BCF-B908B34D653D}.Debug|x86.ActiveCfg = Debug|Win32
		{B68F46C2-46C5-4BA6-8BCF-B908B34D653D}.Debug|x86.Build.0 = Debug|Win32
		{B68F46C2-46C5-4BA6-8BCF-B908B34D653D}.Release|x64.ActiveCfg = Release|x64
		{B68F46C2-46C5-4BA6-8BCF-B908B34D653D}.Release|x64.Build.0 = Release|x64
		{B68F46C2-46C5-4BA6-8BCF-B908B34D653D}.Release|x86.ActiveCfg = Release|Win32
		{B68F46C2-46C5-4BA6-8BCF-B908B34D653D}.Release|x86.Build.0 = Release|Win32
		{5540756E-9246-4B5B-8B62-0CEF11BD2BA6}.Debug|x64.ActiveCfg = Debug|x64
		{5540756E-9246-4B5B-8B62-0CEF11BD2BA6}.Debug|x64.Build.0 = Debug|x64
		{5540756E-9246-4B5B-8B62-0CEF11BD2BA6}.Debug|x86.ActiveCfg = Debug|Win32
		{5540756E-9246-4B5B-8B62-0CEF11BD2BA6}.Debug|x86.Build.0 = Debug|Win32
		{5540756E-9246-4B5B-8B62-0CEF11BD2BA6}.Release|x64.ActiveCfg = Release|x64
		{5540756E-9246-4B5B-8B62-0CEF11BD2BA6}.Release|x64.Build.0 = Release|x64
		{5540756E-9246-4B5B-8B62-0CEF11BD2BA6}.Release|x86.ActiveCfg = Release|Win32
		{5540756E-9246-4B5B-8B62-0CEF11BD2BA6}.Release|x86.Build.0 = Release|Win32
		{77531926-BF7E-4B3B-B248-5299514C77BB}.Debug|x64.ActiveCfg = Debug|x64
		{77531926-BF7E-4B3B-B248-5299514C77BB}.Debug|x64.Build.0 = Debug|x64
		{77531926-BF7E-4B3B-B248-5299514C77BB}.Debug|x86.ActiveCfg = Debug|Win32
		{77531926-BF7E-4B3B-B248-5299514C77BB}.Debug|x86.Build.0 = Debug|Win32
		{77531926-BF7E-4B3B-B248-5299514C77BB}.Release|x64.ActiveCfg = Release|x64
		{77531926-BF7E-4B3B-B248-5299514C77BB}.Release|x64.Build.0 = Release|x64
		{77531926-BF7E-4B3B-B248-5299514C77BB}.Release|x86.ActiveCfg = Release|Win32
		{77531926-BF7E-4B3B-B248-5299514C77BB}.Release|x86.Build.0 = Release|Win32
	EndGlobalSection
	GlobalSection(SolutionProperties) = preSolution
		HideSolutionNode = FALSE
	EndGlobalSection
	GlobalSection(NestedProjects) = preSolution
		{55637AE4-C698-4EAB-A37C-D5A4FB031F0E} = {C58B0F58-3947-4A68-9CA4-7CD2317B08EC}
		{ECB7FFAE-36AE-4FCA-80A7-9D95CDF1FB43} = {07D05C77-8E9C-48CA-883D-1E599B87E1F0}
		{B68F46C2-46C5-4BA6-8BCF-B908B34D653D} = {07D05C77-8E9C-48CA-883D-1E599B87E1F0}
		{5540756E-9246-4B5B-8B62-0CEF11BD2BA6} = {07D05C77-8E9C-48CA-883D-1E599B87E1F0}
		{77531926-BF7E-4B3B-B248-5299514C77BB} = {07D05C77-8E9C-48CA-883D-1E599B87E1F0}
	EndGlobalSection
	GlobalSection(ExtensibilityGlobals) = postSolution
		SolutionGuid = {8B43B316-5720-4A2E-8342-BD7E18640EB3}
	EndGlobalSection
EndGlobal
